
Microsoft Visual Studio Solution File, Format Version 12.00
# Visual Studio 15
VisualStudioVersion = 15.0.27428.2015
MinimumVisualStudioVersion = 10.0.40219.1
Project("{FAE04EC0-301F-11D3-BF4B-00C04F79EFBC}") = "Regex Nummern", "Regex Nummern\Regex Nummern.csproj", "{548E3D39-A6C0-4C6B-82CF-156699857C3D}"
EndProject
Global
	GlobalSection(SolutionConfigurationPlatforms) = preSolution
		Debug|Any CPU = Debug|Any CPU
		Release|Any CPU = Release|Any CPU
	EndGlobalSection
	GlobalSection(ProjectConfigurationPlatforms) = postSolution
		{548E3D39-A6C0-4C6B-82CF-156699857C3D}.Debug|Any CPU.ActiveCfg = Debug|Any CPU
		{548E3D39-A6C0-4C6B-82CF-156699857C3D}.Debug|Any CPU.Build.0 = Debug|Any CPU
		{548E3D39-A6C0-4C6B-82CF-156699857C3D}.Release|Any CPU.ActiveCfg = Release|Any CPU
		{548E3D39-A6C0-4C6B-82CF-156699857C3D}.Release|Any CPU.Build.0 = Release|Any CPU
	EndGlobalSection
	GlobalSection(SolutionProperties) = preSolution
		HideSolutionNode = FALSE
	EndGlobalSection
	GlobalSection(ExtensibilityGlobals) = postSolution
		SolutionGuid = {439BA2EB-D1C7-4532-8B78-327E72599F06}
	EndGlobalSection
EndGlobal
