
Microsoft Visual Studio Solution File, Format Version 12.00
# Visual Studio 15
VisualStudioVersion = 15.0.27428.2015
MinimumVisualStudioVersion = 10.0.40219.1
Project("{FAE04EC0-301F-11D3-BF4B-00C04F79EFBC}") = "Uebung_Serie2_Aufgabe 02", "Uebung_Serie2_Aufgabe 02\Uebung_Serie2_Aufgabe 02.csproj", "{EBC007F2-2C4A-4D60-9898-3289A600D507}"
EndProject
Global
	GlobalSection(SolutionConfigurationPlatforms) = preSolution
		Debug|Any CPU = Debug|Any CPU
		Release|Any CPU = Release|Any CPU
	EndGlobalSection
	GlobalSection(ProjectConfigurationPlatforms) = postSolution
		{EBC007F2-2C4A-4D60-9898-3289A600D507}.Debug|Any CPU.ActiveCfg = Debug|Any CPU
		{EBC007F2-2C4A-4D60-9898-3289A600D507}.Debug|Any CPU.Build.0 = Debug|Any CPU
		{EBC007F2-2C4A-4D60-9898-3289A600D507}.Release|Any CPU.ActiveCfg = Release|Any CPU
		{EBC007F2-2C4A-4D60-9898-3289A600D507}.Release|Any CPU.Build.0 = Release|Any CPU
	EndGlobalSection
	GlobalSection(SolutionProperties) = preSolution
		HideSolutionNode = FALSE
	EndGlobalSection
	GlobalSection(ExtensibilityGlobals) = postSolution
		SolutionGuid = {A3276B3E-961B-46C7-B355-28ECB0607DE1}
	EndGlobalSection
EndGlobal
