
Microsoft Visual Studio Solution File, Format Version 12.00
# Visual Studio 15
VisualStudioVersion = 15.0.27428.2015
MinimumVisualStudioVersion = 10.0.40219.1
Project("{FAE04EC0-301F-11D3-BF4B-00C04F79EFBC}") = "Programm zur Öffnung anderer Programmen", "Programm zur Öffnung anderer Programmen\Programm zur Öffnung anderer Programmen.csproj", "{0D518102-12A7-45BB-BA17-E767C1841096}"
EndProject
Global
	GlobalSection(SolutionConfigurationPlatforms) = preSolution
		Debug|Any CPU = Debug|Any CPU
		Release|Any CPU = Release|Any CPU
	EndGlobalSection
	GlobalSection(ProjectConfigurationPlatforms) = postSolution
		{0D518102-12A7-45BB-BA17-E767C1841096}.Debug|Any CPU.ActiveCfg = Debug|Any CPU
		{0D518102-12A7-45BB-BA17-E767C1841096}.Debug|Any CPU.Build.0 = Debug|Any CPU
		{0D518102-12A7-45BB-BA17-E767C1841096}.Release|Any CPU.ActiveCfg = Release|Any CPU
		{0D518102-12A7-45BB-BA17-E767C1841096}.Release|Any CPU.Build.0 = Release|Any CPU
	EndGlobalSection
	GlobalSection(SolutionProperties) = preSolution
		HideSolutionNode = FALSE
	EndGlobalSection
	GlobalSection(ExtensibilityGlobals) = postSolution
		SolutionGuid = {03CE9FB2-1765-4C77-AF6F-8F4A6EFDE646}
	EndGlobalSection
EndGlobal
