
Microsoft Visual Studio Solution File, Format Version 12.00
# Visual Studio 15
VisualStudioVersion = 15.0.27428.2015
MinimumVisualStudioVersion = 10.0.40219.1
Project("{FAE04EC0-301F-11D3-BF4B-00C04F79EFBC}") = "Tic-Tac-Toe", "Tic-Tac-Toe\Tic-Tac-Toe.csproj", "{A35E4A7B-EE36-4979-8284-4F03CF004E34}"
EndProject
Global
	GlobalSection(SolutionConfigurationPlatforms) = preSolution
		Debug|Any CPU = Debug|Any CPU
		Release|Any CPU = Release|Any CPU
	EndGlobalSection
	GlobalSection(ProjectConfigurationPlatforms) = postSolution
		{A35E4A7B-EE36-4979-8284-4F03CF004E34}.Debug|Any CPU.ActiveCfg = Debug|Any CPU
		{A35E4A7B-EE36-4979-8284-4F03CF004E34}.Debug|Any CPU.Build.0 = Debug|Any CPU
		{A35E4A7B-EE36-4979-8284-4F03CF004E34}.Release|Any CPU.ActiveCfg = Release|Any CPU
		{A35E4A7B-EE36-4979-8284-4F03CF004E34}.Release|Any CPU.Build.0 = Release|Any CPU
	EndGlobalSection
	GlobalSection(SolutionProperties) = preSolution
		HideSolutionNode = FALSE
	EndGlobalSection
	GlobalSection(ExtensibilityGlobals) = postSolution
		SolutionGuid = {2AA3396B-85C3-41AC-88DC-C5B78415E34A}
	EndGlobalSection
EndGlobal
