
Microsoft Visual Studio Solution File, Format Version 12.00
# Visual Studio 15
VisualStudioVersion = 15.0.27428.2015
MinimumVisualStudioVersion = 10.0.40219.1
Project("{FAE04EC0-301F-11D3-BF4B-00C04F79EFBC}") = "JumpAndRun", "JumpAndRun\JumpAndRun.csproj", "{4875B2B7-6B7C-489A-9246-441FA04DA114}"
EndProject
Global
	GlobalSection(SolutionConfigurationPlatforms) = preSolution
		Debug|Any CPU = Debug|Any CPU
		Release|Any CPU = Release|Any CPU
	EndGlobalSection
	GlobalSection(ProjectConfigurationPlatforms) = postSolution
		{4875B2B7-6B7C-489A-9246-441FA04DA114}.Debug|Any CPU.ActiveCfg = Debug|Any CPU
		{4875B2B7-6B7C-489A-9246-441FA04DA114}.Debug|Any CPU.Build.0 = Debug|Any CPU
		{4875B2B7-6B7C-489A-9246-441FA04DA114}.Release|Any CPU.ActiveCfg = Release|Any CPU
		{4875B2B7-6B7C-489A-9246-441FA04DA114}.Release|Any CPU.Build.0 = Release|Any CPU
	EndGlobalSection
	GlobalSection(SolutionProperties) = preSolution
		HideSolutionNode = FALSE
	EndGlobalSection
	GlobalSection(ExtensibilityGlobals) = postSolution
		SolutionGuid = {2B61285F-7882-442D-B2E7-95630F1B55B7}
	EndGlobalSection
EndGlobal
