
Microsoft Visual Studio Solution File, Format Version 12.00
# Visual Studio 15
VisualStudioVersion = 15.0.27428.2015
MinimumVisualStudioVersion = 10.0.40219.1
Project("{FAE04EC0-301F-11D3-BF4B-00C04F79EFBC}") = "Snake", "Snake\Snake.csproj", "{892B8534-FF13-4928-9A9E-1B90CBACDA10}"
EndProject
Global
	GlobalSection(SolutionConfigurationPlatforms) = preSolution
		Debug|Any CPU = Debug|Any CPU
		Release|Any CPU = Release|Any CPU
	EndGlobalSection
	GlobalSection(ProjectConfigurationPlatforms) = postSolution
		{892B8534-FF13-4928-9A9E-1B90CBACDA10}.Debug|Any CPU.ActiveCfg = Debug|Any CPU
		{892B8534-FF13-4928-9A9E-1B90CBACDA10}.Debug|Any CPU.Build.0 = Debug|Any CPU
		{892B8534-FF13-4928-9A9E-1B90CBACDA10}.Release|Any CPU.ActiveCfg = Release|Any CPU
		{892B8534-FF13-4928-9A9E-1B90CBACDA10}.Release|Any CPU.Build.0 = Release|Any CPU
	EndGlobalSection
	GlobalSection(SolutionProperties) = preSolution
		HideSolutionNode = FALSE
	EndGlobalSection
	GlobalSection(ExtensibilityGlobals) = postSolution
		SolutionGuid = {D925D091-37B9-484E-A426-A6187298BD12}
	EndGlobalSection
EndGlobal
