
Microsoft Visual Studio Solution File, Format Version 12.00
# Visual Studio 15
VisualStudioVersion = 15.0.27428.2015
MinimumVisualStudioVersion = 10.0.40219.1
Project("{FAE04EC0-301F-11D3-BF4B-00C04F79EFBC}") = "KleinesPingPong", "KleinesPingPong\KleinesPingPong.csproj", "{A6A4A177-B7CD-497F-8679-D733860E2B75}"
EndProject
Global
	GlobalSection(SolutionConfigurationPlatforms) = preSolution
		Debug|Any CPU = Debug|Any CPU
		Release|Any CPU = Release|Any CPU
	EndGlobalSection
	GlobalSection(ProjectConfigurationPlatforms) = postSolution
		{A6A4A177-B7CD-497F-8679-D733860E2B75}.Debug|Any CPU.ActiveCfg = Debug|Any CPU
		{A6A4A177-B7CD-497F-8679-D733860E2B75}.Debug|Any CPU.Build.0 = Debug|Any CPU
		{A6A4A177-B7CD-497F-8679-D733860E2B75}.Release|Any CPU.ActiveCfg = Release|Any CPU
		{A6A4A177-B7CD-497F-8679-D733860E2B75}.Release|Any CPU.Build.0 = Release|Any CPU
	EndGlobalSection
	GlobalSection(SolutionProperties) = preSolution
		HideSolutionNode = FALSE
	EndGlobalSection
	GlobalSection(ExtensibilityGlobals) = postSolution
		SolutionGuid = {6C473FAE-22AD-445C-AE2C-1A0B50349526}
	EndGlobalSection
EndGlobal
